
Microsoft Visual Studio Solution File, Format Version 12.00
# Visual Studio Version 16
VisualStudioVersion = 16.0.29409.12
MinimumVisualStudioVersion = 10.0.40219.1
Project("{9A19103F-16F7-4668-BE54-9A1E7A4F7556}") = "WebScraper.Console", "DataSolution\WebScraper.Console\WebScraper.Console.csproj", "{D0E83FE3-AF9F-4B2B-A887-3A294F0C7F7A}"
EndProject
Project("{9A19103F-16F7-4668-BE54-9A1E7A4F7556}") = "WebScraper.Core", "DataSolution\WebScraper.Core\WebScraper.Core.csproj", "{983D4B3C-374B-4765-AB37-2BD61C98AD00}"
EndProject
Project("{9A19103F-16F7-4668-BE54-9A1E7A4F7556}") = "WebScraper.Infrastructure", "DataSolution\WebScraper.Infrastructure\WebScraper.Infrastructure.csproj", "{B83E6232-ADA8-489C-A7C7-6C49B610E190}"
EndProject
Project("{2150E333-8FDC-42A3-9474-1A3956D46DE8}") = "WebScraper", "WebScraper", "{55704848-E010-4EA0-B2F0-DFDB10738569}"
EndProject
Project("{2150E333-8FDC-42A3-9474-1A3956D46DE8}") = "WebApi", "WebApi", "{1A05689F-47D6-4DAA-BA95-2F0D00DE2387}"
EndProject
Project("{9A19103F-16F7-4668-BE54-9A1E7A4F7556}") = "WebApi.Api", "WebApi\WebApi.Api\WebApi.Api.csproj", "{91A9959F-7948-4295-95A3-27CA4CE54E9D}"
EndProject
Project("{9A19103F-16F7-4668-BE54-9A1E7A4F7556}") = "WebApi.Infrastructure", "WebApi\WebApi.Infrastructure\WebApi.Infrastructure.csproj", "{D391AF60-80FE-4DC5-B364-3C20F71ECB15}"
EndProject
Project("{9A19103F-16F7-4668-BE54-9A1E7A4F7556}") = "WebScraper.Application", "DataSolution\WebScraper.Application\WebScraper.Application.csproj", "{C2AEA3ED-77C9-4A10-A395-D0DCDA2BD75C}"
EndProject
Project("{2150E333-8FDC-42A3-9474-1A3956D46DE8}") = "Tests", "Tests", "{84BD3930-C7A0-4773-8928-EA51CC500DDC}"
EndProject
Project("{2150E333-8FDC-42A3-9474-1A3956D46DE8}") = "WebScraper", "WebScraper", "{3B8194DA-DFE8-46A8-A0D3-D467571FDC57}"
EndProject
Project("{FAE04EC0-301F-11D3-BF4B-00C04F79EFBC}") = "Webscraper.Application.UnitTests", "Tests\WebScraper\Webscraper.Application.UnitTests\Webscraper.Application.UnitTests.csproj", "{840E56E7-BEEA-4697-9EFE-D8E325539B8F}"
EndProject
Global
	GlobalSection(SolutionConfigurationPlatforms) = preSolution
		Debug|Any CPU = Debug|Any CPU
		Release|Any CPU = Release|Any CPU
	EndGlobalSection
	GlobalSection(ProjectConfigurationPlatforms) = postSolution
		{D0E83FE3-AF9F-4B2B-A887-3A294F0C7F7A}.Debug|Any CPU.ActiveCfg = Debug|Any CPU
		{D0E83FE3-AF9F-4B2B-A887-3A294F0C7F7A}.Debug|Any CPU.Build.0 = Debug|Any CPU
		{D0E83FE3-AF9F-4B2B-A887-3A294F0C7F7A}.Release|Any CPU.ActiveCfg = Release|Any CPU
		{D0E83FE3-AF9F-4B2B-A887-3A294F0C7F7A}.Release|Any CPU.Build.0 = Release|Any CPU
		{983D4B3C-374B-4765-AB37-2BD61C98AD00}.Debug|Any CPU.ActiveCfg = Debug|Any CPU
		{983D4B3C-374B-4765-AB37-2BD61C98AD00}.Debug|Any CPU.Build.0 = Debug|Any CPU
		{983D4B3C-374B-4765-AB37-2BD61C98AD00}.Release|Any CPU.ActiveCfg = Release|Any CPU
		{983D4B3C-374B-4765-AB37-2BD61C98AD00}.Release|Any CPU.Build.0 = Release|Any CPU
		{B83E6232-ADA8-489C-A7C7-6C49B610E190}.Debug|Any CPU.ActiveCfg = Debug|Any CPU
		{B83E6232-ADA8-489C-A7C7-6C49B610E190}.Debug|Any CPU.Build.0 = Debug|Any CPU
		{B83E6232-ADA8-489C-A7C7-6C49B610E190}.Release|Any CPU.ActiveCfg = Release|Any CPU
		{B83E6232-ADA8-489C-A7C7-6C49B610E190}.Release|Any CPU.Build.0 = Release|Any CPU
		{91A9959F-7948-4295-95A3-27CA4CE54E9D}.Debug|Any CPU.ActiveCfg = Debug|Any CPU
		{91A9959F-7948-4295-95A3-27CA4CE54E9D}.Debug|Any CPU.Build.0 = Debug|Any CPU
		{91A9959F-7948-4295-95A3-27CA4CE54E9D}.Release|Any CPU.ActiveCfg = Release|Any CPU
		{91A9959F-7948-4295-95A3-27CA4CE54E9D}.Release|Any CPU.Build.0 = Release|Any CPU
		{D391AF60-80FE-4DC5-B364-3C20F71ECB15}.Debug|Any CPU.ActiveCfg = Debug|Any CPU
		{D391AF60-80FE-4DC5-B364-3C20F71ECB15}.Debug|Any CPU.Build.0 = Debug|Any CPU
		{D391AF60-80FE-4DC5-B364-3C20F71ECB15}.Release|Any CPU.ActiveCfg = Release|Any CPU
		{D391AF60-80FE-4DC5-B364-3C20F71ECB15}.Release|Any CPU.Build.0 = Release|Any CPU
		{C2AEA3ED-77C9-4A10-A395-D0DCDA2BD75C}.Debug|Any CPU.ActiveCfg = Debug|Any CPU
		{C2AEA3ED-77C9-4A10-A395-D0DCDA2BD75C}.Debug|Any CPU.Build.0 = Debug|Any CPU
		{C2AEA3ED-77C9-4A10-A395-D0DCDA2BD75C}.Release|Any CPU.ActiveCfg = Release|Any CPU
		{C2AEA3ED-77C9-4A10-A395-D0DCDA2BD75C}.Release|Any CPU.Build.0 = Release|Any CPU
		{840E56E7-BEEA-4697-9EFE-D8E325539B8F}.Debug|Any CPU.ActiveCfg = Debug|Any CPU
		{840E56E7-BEEA-4697-9EFE-D8E325539B8F}.Debug|Any CPU.Build.0 = Debug|Any CPU
		{840E56E7-BEEA-4697-9EFE-D8E325539B8F}.Release|Any CPU.ActiveCfg = Release|Any CPU
		{840E56E7-BEEA-4697-9EFE-D8E325539B8F}.Release|Any CPU.Build.0 = Release|Any CPU
	EndGlobalSection
	GlobalSection(SolutionProperties) = preSolution
		HideSolutionNode = FALSE
	EndGlobalSection
	GlobalSection(NestedProjects) = preSolution
		{D0E83FE3-AF9F-4B2B-A887-3A294F0C7F7A} = {55704848-E010-4EA0-B2F0-DFDB10738569}
		{983D4B3C-374B-4765-AB37-2BD61C98AD00} = {55704848-E010-4EA0-B2F0-DFDB10738569}
		{B83E6232-ADA8-489C-A7C7-6C49B610E190} = {55704848-E010-4EA0-B2F0-DFDB10738569}
		{91A9959F-7948-4295-95A3-27CA4CE54E9D} = {1A05689F-47D6-4DAA-BA95-2F0D00DE2387}
		{D391AF60-80FE-4DC5-B364-3C20F71ECB15} = {1A05689F-47D6-4DAA-BA95-2F0D00DE2387}
		{C2AEA3ED-77C9-4A10-A395-D0DCDA2BD75C} = {55704848-E010-4EA0-B2F0-DFDB10738569}
		{3B8194DA-DFE8-46A8-A0D3-D467571FDC57} = {84BD3930-C7A0-4773-8928-EA51CC500DDC}
		{840E56E7-BEEA-4697-9EFE-D8E325539B8F} = {3B8194DA-DFE8-46A8-A0D3-D467571FDC57}
	EndGlobalSection
	GlobalSection(ExtensibilityGlobals) = postSolution
		SolutionGuid = {2F26B9C4-6053-42B1-9C6C-65B0EF147B46}
	EndGlobalSection
EndGlobal
