
Microsoft Visual Studio Solution File, Format Version 12.00
# Visual Studio Version 16
VisualStudioVersion = 16.0.29409.12
MinimumVisualStudioVersion = 10.0.40219.1
Project("{2150E333-8FDC-42A3-9474-1A3956D46DE8}") = "WebScraper", "WebScraper", "{55704848-E010-4EA0-B2F0-DFDB10738569}"
EndProject
Project("{2150E333-8FDC-42A3-9474-1A3956D46DE8}") = "WebApi", "WebApi", "{1A05689F-47D6-4DAA-BA95-2F0D00DE2387}"
EndProject
Project("{2150E333-8FDC-42A3-9474-1A3956D46DE8}") = "Tests", "Tests", "{84BD3930-C7A0-4773-8928-EA51CC500DDC}"
EndProject
Project("{2150E333-8FDC-42A3-9474-1A3956D46DE8}") = "WebScraper", "WebScraper", "{3B8194DA-DFE8-46A8-A0D3-D467571FDC57}"
EndProject
Project("{2150E333-8FDC-42A3-9474-1A3956D46DE8}") = "src", "src", "{F93D2E00-78DB-432D-852A-FD73D741E5E0}"
EndProject
Project("{9A19103F-16F7-4668-BE54-9A1E7A4F7556}") = "WebApi.Core", "Backend\src\WebApi\WebApi.Core\WebApi.Core.csproj", "{E4A16D8C-EBFF-4877-94A6-7683B7DACBCA}"
EndProject
Project("{9A19103F-16F7-4668-BE54-9A1E7A4F7556}") = "WebApi.Infrastructure", "Backend\src\WebApi\WebApi.Infrastructure\WebApi.Infrastructure.csproj", "{0F979961-BE7E-44F8-8855-158848B1F26B}"
EndProject
Project("{9A19103F-16F7-4668-BE54-9A1E7A4F7556}") = "WebApi.Application", "Backend\src\WebApi\WebApi.Application\WebApi.Application.csproj", "{F34FC495-1430-468B-A430-9445C8A038AD}"
EndProject
Project("{9A19103F-16F7-4668-BE54-9A1E7A4F7556}") = "WebApi.Api", "Backend\src\WebApi\WebApi.Api\WebApi.Api.csproj", "{6DD24D18-41D3-418F-A279-A7C672A12266}"
EndProject
Project("{9A19103F-16F7-4668-BE54-9A1E7A4F7556}") = "WebScraper.Core", "Backend\src\DataSolution\WebScraper.Core\WebScraper.Core.csproj", "{23A61085-1B7B-400A-ABC0-D71659262FB9}"
EndProject
Project("{9A19103F-16F7-4668-BE54-9A1E7A4F7556}") = "WebScraper.Infrastructure", "Backend\src\DataSolution\WebScraper.Infrastructure\WebScraper.Infrastructure.csproj", "{11D2719F-AFA3-4671-8C28-B5A96049D722}"
EndProject
Project("{9A19103F-16F7-4668-BE54-9A1E7A4F7556}") = "WebScraper.Application", "Backend\src\DataSolution\WebScraper.Application\WebScraper.Application.csproj", "{F123E478-808C-4A25-8D0F-0F46248BA778}"
EndProject
Project("{9A19103F-16F7-4668-BE54-9A1E7A4F7556}") = "WebScraper.Console", "Backend\src\DataSolution\WebScraper.Console\WebScraper.Console.csproj", "{FC1A9C84-7FEB-44F0-96F1-B03F4230A360}"
EndProject
Project("{9A19103F-16F7-4668-BE54-9A1E7A4F7556}") = "WebScraper.Core.UnitTests", "Backend\Tests\WebScraper\WebScraper.Core.UnitTests\WebScraper.Core.UnitTests.csproj", "{366FFE52-20C9-489E-8398-D8B63744CF81}"
EndProject
Project("{9A19103F-16F7-4668-BE54-9A1E7A4F7556}") = "WebScraper.Infrastructure.IntegrationTests", "Backend\Tests\WebScraper\WebScraper.Infrastructure.IntegrationTests\WebScraper.Infrastructure.IntegrationTests.csproj", "{EB0B9ED8-CB18-479C-B0A2-62DDFDA575B6}"
EndProject
Project("{9A19103F-16F7-4668-BE54-9A1E7A4F7556}") = "Webscraper.Application.UnitTests", "Backend\Tests\WebScraper\Webscraper.Application.UnitTests\Webscraper.Application.UnitTests.csproj", "{AC60D60F-CAEF-4591-93B9-4DC96917F6E0}"
EndProject
Global
	GlobalSection(SolutionConfigurationPlatforms) = preSolution
		Debug|Any CPU = Debug|Any CPU
		Release|Any CPU = Release|Any CPU
	EndGlobalSection
	GlobalSection(ProjectConfigurationPlatforms) = postSolution
		{E4A16D8C-EBFF-4877-94A6-7683B7DACBCA}.Debug|Any CPU.ActiveCfg = Debug|Any CPU
		{E4A16D8C-EBFF-4877-94A6-7683B7DACBCA}.Debug|Any CPU.Build.0 = Debug|Any CPU
		{E4A16D8C-EBFF-4877-94A6-7683B7DACBCA}.Release|Any CPU.ActiveCfg = Release|Any CPU
		{E4A16D8C-EBFF-4877-94A6-7683B7DACBCA}.Release|Any CPU.Build.0 = Release|Any CPU
		{0F979961-BE7E-44F8-8855-158848B1F26B}.Debug|Any CPU.ActiveCfg = Debug|Any CPU
		{0F979961-BE7E-44F8-8855-158848B1F26B}.Debug|Any CPU.Build.0 = Debug|Any CPU
		{0F979961-BE7E-44F8-8855-158848B1F26B}.Release|Any CPU.ActiveCfg = Release|Any CPU
		{0F979961-BE7E-44F8-8855-158848B1F26B}.Release|Any CPU.Build.0 = Release|Any CPU
		{F34FC495-1430-468B-A430-9445C8A038AD}.Debug|Any CPU.ActiveCfg = Debug|Any CPU
		{F34FC495-1430-468B-A430-9445C8A038AD}.Debug|Any CPU.Build.0 = Debug|Any CPU
		{F34FC495-1430-468B-A430-9445C8A038AD}.Release|Any CPU.ActiveCfg = Release|Any CPU
		{F34FC495-1430-468B-A430-9445C8A038AD}.Release|Any CPU.Build.0 = Release|Any CPU
		{6DD24D18-41D3-418F-A279-A7C672A12266}.Debug|Any CPU.ActiveCfg = Debug|Any CPU
		{6DD24D18-41D3-418F-A279-A7C672A12266}.Debug|Any CPU.Build.0 = Debug|Any CPU
		{6DD24D18-41D3-418F-A279-A7C672A12266}.Release|Any CPU.ActiveCfg = Release|Any CPU
		{6DD24D18-41D3-418F-A279-A7C672A12266}.Release|Any CPU.Build.0 = Release|Any CPU
		{23A61085-1B7B-400A-ABC0-D71659262FB9}.Debug|Any CPU.ActiveCfg = Debug|Any CPU
		{23A61085-1B7B-400A-ABC0-D71659262FB9}.Debug|Any CPU.Build.0 = Debug|Any CPU
		{23A61085-1B7B-400A-ABC0-D71659262FB9}.Release|Any CPU.ActiveCfg = Release|Any CPU
		{23A61085-1B7B-400A-ABC0-D71659262FB9}.Release|Any CPU.Build.0 = Release|Any CPU
		{11D2719F-AFA3-4671-8C28-B5A96049D722}.Debug|Any CPU.ActiveCfg = Debug|Any CPU
		{11D2719F-AFA3-4671-8C28-B5A96049D722}.Debug|Any CPU.Build.0 = Debug|Any CPU
		{11D2719F-AFA3-4671-8C28-B5A96049D722}.Release|Any CPU.ActiveCfg = Release|Any CPU
		{11D2719F-AFA3-4671-8C28-B5A96049D722}.Release|Any CPU.Build.0 = Release|Any CPU
		{F123E478-808C-4A25-8D0F-0F46248BA778}.Debug|Any CPU.ActiveCfg = Debug|Any CPU
		{F123E478-808C-4A25-8D0F-0F46248BA778}.Debug|Any CPU.Build.0 = Debug|Any CPU
		{F123E478-808C-4A25-8D0F-0F46248BA778}.Release|Any CPU.ActiveCfg = Release|Any CPU
		{F123E478-808C-4A25-8D0F-0F46248BA778}.Release|Any CPU.Build.0 = Release|Any CPU
		{FC1A9C84-7FEB-44F0-96F1-B03F4230A360}.Debug|Any CPU.ActiveCfg = Debug|Any CPU
		{FC1A9C84-7FEB-44F0-96F1-B03F4230A360}.Debug|Any CPU.Build.0 = Debug|Any CPU
		{FC1A9C84-7FEB-44F0-96F1-B03F4230A360}.Release|Any CPU.ActiveCfg = Release|Any CPU
		{FC1A9C84-7FEB-44F0-96F1-B03F4230A360}.Release|Any CPU.Build.0 = Release|Any CPU
		{366FFE52-20C9-489E-8398-D8B63744CF81}.Debug|Any CPU.ActiveCfg = Debug|Any CPU
		{366FFE52-20C9-489E-8398-D8B63744CF81}.Debug|Any CPU.Build.0 = Debug|Any CPU
		{366FFE52-20C9-489E-8398-D8B63744CF81}.Release|Any CPU.ActiveCfg = Release|Any CPU
		{366FFE52-20C9-489E-8398-D8B63744CF81}.Release|Any CPU.Build.0 = Release|Any CPU
		{EB0B9ED8-CB18-479C-B0A2-62DDFDA575B6}.Debug|Any CPU.ActiveCfg = Debug|Any CPU
		{EB0B9ED8-CB18-479C-B0A2-62DDFDA575B6}.Debug|Any CPU.Build.0 = Debug|Any CPU
		{EB0B9ED8-CB18-479C-B0A2-62DDFDA575B6}.Release|Any CPU.ActiveCfg = Release|Any CPU
		{EB0B9ED8-CB18-479C-B0A2-62DDFDA575B6}.Release|Any CPU.Build.0 = Release|Any CPU
		{AC60D60F-CAEF-4591-93B9-4DC96917F6E0}.Debug|Any CPU.ActiveCfg = Debug|Any CPU
		{AC60D60F-CAEF-4591-93B9-4DC96917F6E0}.Debug|Any CPU.Build.0 = Debug|Any CPU
		{AC60D60F-CAEF-4591-93B9-4DC96917F6E0}.Release|Any CPU.ActiveCfg = Release|Any CPU
		{AC60D60F-CAEF-4591-93B9-4DC96917F6E0}.Release|Any CPU.Build.0 = Release|Any CPU
	EndGlobalSection
	GlobalSection(SolutionProperties) = preSolution
		HideSolutionNode = FALSE
	EndGlobalSection
	GlobalSection(NestedProjects) = preSolution
		{55704848-E010-4EA0-B2F0-DFDB10738569} = {F93D2E00-78DB-432D-852A-FD73D741E5E0}
		{1A05689F-47D6-4DAA-BA95-2F0D00DE2387} = {F93D2E00-78DB-432D-852A-FD73D741E5E0}
		{3B8194DA-DFE8-46A8-A0D3-D467571FDC57} = {84BD3930-C7A0-4773-8928-EA51CC500DDC}
		{E4A16D8C-EBFF-4877-94A6-7683B7DACBCA} = {1A05689F-47D6-4DAA-BA95-2F0D00DE2387}
		{0F979961-BE7E-44F8-8855-158848B1F26B} = {1A05689F-47D6-4DAA-BA95-2F0D00DE2387}
		{F34FC495-1430-468B-A430-9445C8A038AD} = {1A05689F-47D6-4DAA-BA95-2F0D00DE2387}
		{6DD24D18-41D3-418F-A279-A7C672A12266} = {1A05689F-47D6-4DAA-BA95-2F0D00DE2387}
		{23A61085-1B7B-400A-ABC0-D71659262FB9} = {55704848-E010-4EA0-B2F0-DFDB10738569}
		{11D2719F-AFA3-4671-8C28-B5A96049D722} = {55704848-E010-4EA0-B2F0-DFDB10738569}
		{F123E478-808C-4A25-8D0F-0F46248BA778} = {55704848-E010-4EA0-B2F0-DFDB10738569}
		{FC1A9C84-7FEB-44F0-96F1-B03F4230A360} = {55704848-E010-4EA0-B2F0-DFDB10738569}
		{366FFE52-20C9-489E-8398-D8B63744CF81} = {3B8194DA-DFE8-46A8-A0D3-D467571FDC57}
		{EB0B9ED8-CB18-479C-B0A2-62DDFDA575B6} = {3B8194DA-DFE8-46A8-A0D3-D467571FDC57}
		{AC60D60F-CAEF-4591-93B9-4DC96917F6E0} = {3B8194DA-DFE8-46A8-A0D3-D467571FDC57}
	EndGlobalSection
	GlobalSection(ExtensibilityGlobals) = postSolution
		SolutionGuid = {2F26B9C4-6053-42B1-9C6C-65B0EF147B46}
	EndGlobalSection
EndGlobal
