
Microsoft Visual Studio Solution File, Format Version 12.00
# Visual Studio Version 16
VisualStudioVersion = 16.0.29409.12
MinimumVisualStudioVersion = 10.0.40219.1
Project("{2150E333-8FDC-42A3-9474-1A3956D46DE8}") = "WebScraper", "WebScraper", "{55704848-E010-4EA0-B2F0-DFDB10738569}"
EndProject
Project("{2150E333-8FDC-42A3-9474-1A3956D46DE8}") = "WebApi", "WebApi", "{1A05689F-47D6-4DAA-BA95-2F0D00DE2387}"
EndProject
Project("{2150E333-8FDC-42A3-9474-1A3956D46DE8}") = "Tests", "Tests", "{84BD3930-C7A0-4773-8928-EA51CC500DDC}"
EndProject
Project("{2150E333-8FDC-42A3-9474-1A3956D46DE8}") = "WebScraper", "WebScraper", "{3B8194DA-DFE8-46A8-A0D3-D467571FDC57}"
EndProject
Project("{2150E333-8FDC-42A3-9474-1A3956D46DE8}") = "src", "src", "{F93D2E00-78DB-432D-852A-FD73D741E5E0}"
EndProject
Project("{9A19103F-16F7-4668-BE54-9A1E7A4F7556}") = "WebScraper.Core", "Backend\src\DataSolution\WebScraper.Core\WebScraper.Core.csproj", "{1D05ABDD-D50D-4EF1-9436-A6DC3C49FF95}"
EndProject
Project("{9A19103F-16F7-4668-BE54-9A1E7A4F7556}") = "WebScraper.Infrastructure", "Backend\src\DataSolution\WebScraper.Infrastructure\WebScraper.Infrastructure.csproj", "{ADB78A17-158D-4D8F-9CCD-F69046C2915E}"
EndProject
Project("{9A19103F-16F7-4668-BE54-9A1E7A4F7556}") = "WebScraper.Application", "Backend\src\DataSolution\WebScraper.Application\WebScraper.Application.csproj", "{0E3E4507-5663-4683-92D3-299E9C64C441}"
EndProject
Project("{9A19103F-16F7-4668-BE54-9A1E7A4F7556}") = "WebScraper.Console", "Backend\src\DataSolution\WebScraper.Console\WebScraper.Console.csproj", "{96E5BD1A-CC16-424A-8EF1-A19318C88A3E}"
EndProject
Project("{9A19103F-16F7-4668-BE54-9A1E7A4F7556}") = "WebScraper.Core.UnitTests", "Backend\Tests\WebScraper\WebScraper.Core.UnitTests\WebScraper.Core.UnitTests.csproj", "{9F5C489E-C49D-4EEF-9604-176A5C7B30F0}"
EndProject
Project("{9A19103F-16F7-4668-BE54-9A1E7A4F7556}") = "WebScraper.Infrastructure.IntegrationTests", "Backend\Tests\WebScraper\WebScraper.Infrastructure.IntegrationTests\WebScraper.Infrastructure.IntegrationTests.csproj", "{CD1AD95F-8472-4297-B2F0-D3BAA1406D5B}"
EndProject
Project("{9A19103F-16F7-4668-BE54-9A1E7A4F7556}") = "Webscraper.Application.UnitTests", "Backend\Tests\WebScraper\Webscraper.Application.UnitTests\Webscraper.Application.UnitTests.csproj", "{D44760EE-AF37-481C-AA1F-86A3E23065AB}"
EndProject
Project("{9A19103F-16F7-4668-BE54-9A1E7A4F7556}") = "WebApi.Core", "Backend\src\WebApi\WebApi.Core\WebApi.Core.csproj", "{38F34998-5FFF-49A1-8777-2F4388D12E0D}"
EndProject
Project("{9A19103F-16F7-4668-BE54-9A1E7A4F7556}") = "WebApi.Infrastructure", "Backend\src\WebApi\WebApi.Infrastructure\WebApi.Infrastructure.csproj", "{05B3013B-915F-43B1-8DD5-37F5DEF04271}"
EndProject
Project("{9A19103F-16F7-4668-BE54-9A1E7A4F7556}") = "WebApi.Application", "Backend\src\WebApi\WebApi.Application\WebApi.Application.csproj", "{E69E94B8-CB5C-42F7-AD9C-770C189A7E74}"
EndProject
Project("{9A19103F-16F7-4668-BE54-9A1E7A4F7556}") = "WebApi.Api", "Backend\src\WebApi\WebApi.Api\WebApi.Api.csproj", "{0A4A7351-AAB9-4937-AF33-9BD90AD8F13C}"
EndProject
Global
	GlobalSection(SolutionConfigurationPlatforms) = preSolution
		Debug|Any CPU = Debug|Any CPU
		Release|Any CPU = Release|Any CPU
	EndGlobalSection
	GlobalSection(ProjectConfigurationPlatforms) = postSolution
		{1D05ABDD-D50D-4EF1-9436-A6DC3C49FF95}.Debug|Any CPU.ActiveCfg = Debug|Any CPU
		{1D05ABDD-D50D-4EF1-9436-A6DC3C49FF95}.Debug|Any CPU.Build.0 = Debug|Any CPU
		{1D05ABDD-D50D-4EF1-9436-A6DC3C49FF95}.Release|Any CPU.ActiveCfg = Release|Any CPU
		{1D05ABDD-D50D-4EF1-9436-A6DC3C49FF95}.Release|Any CPU.Build.0 = Release|Any CPU
		{ADB78A17-158D-4D8F-9CCD-F69046C2915E}.Debug|Any CPU.ActiveCfg = Debug|Any CPU
		{ADB78A17-158D-4D8F-9CCD-F69046C2915E}.Debug|Any CPU.Build.0 = Debug|Any CPU
		{ADB78A17-158D-4D8F-9CCD-F69046C2915E}.Release|Any CPU.ActiveCfg = Release|Any CPU
		{ADB78A17-158D-4D8F-9CCD-F69046C2915E}.Release|Any CPU.Build.0 = Release|Any CPU
		{0E3E4507-5663-4683-92D3-299E9C64C441}.Debug|Any CPU.ActiveCfg = Debug|Any CPU
		{0E3E4507-5663-4683-92D3-299E9C64C441}.Debug|Any CPU.Build.0 = Debug|Any CPU
		{0E3E4507-5663-4683-92D3-299E9C64C441}.Release|Any CPU.ActiveCfg = Release|Any CPU
		{0E3E4507-5663-4683-92D3-299E9C64C441}.Release|Any CPU.Build.0 = Release|Any CPU
		{96E5BD1A-CC16-424A-8EF1-A19318C88A3E}.Debug|Any CPU.ActiveCfg = Debug|Any CPU
		{96E5BD1A-CC16-424A-8EF1-A19318C88A3E}.Debug|Any CPU.Build.0 = Debug|Any CPU
		{96E5BD1A-CC16-424A-8EF1-A19318C88A3E}.Release|Any CPU.ActiveCfg = Release|Any CPU
		{96E5BD1A-CC16-424A-8EF1-A19318C88A3E}.Release|Any CPU.Build.0 = Release|Any CPU
		{9F5C489E-C49D-4EEF-9604-176A5C7B30F0}.Debug|Any CPU.ActiveCfg = Debug|Any CPU
		{9F5C489E-C49D-4EEF-9604-176A5C7B30F0}.Debug|Any CPU.Build.0 = Debug|Any CPU
		{9F5C489E-C49D-4EEF-9604-176A5C7B30F0}.Release|Any CPU.ActiveCfg = Release|Any CPU
		{9F5C489E-C49D-4EEF-9604-176A5C7B30F0}.Release|Any CPU.Build.0 = Release|Any CPU
		{CD1AD95F-8472-4297-B2F0-D3BAA1406D5B}.Debug|Any CPU.ActiveCfg = Debug|Any CPU
		{CD1AD95F-8472-4297-B2F0-D3BAA1406D5B}.Debug|Any CPU.Build.0 = Debug|Any CPU
		{CD1AD95F-8472-4297-B2F0-D3BAA1406D5B}.Release|Any CPU.ActiveCfg = Release|Any CPU
		{CD1AD95F-8472-4297-B2F0-D3BAA1406D5B}.Release|Any CPU.Build.0 = Release|Any CPU
		{D44760EE-AF37-481C-AA1F-86A3E23065AB}.Debug|Any CPU.ActiveCfg = Debug|Any CPU
		{D44760EE-AF37-481C-AA1F-86A3E23065AB}.Debug|Any CPU.Build.0 = Debug|Any CPU
		{D44760EE-AF37-481C-AA1F-86A3E23065AB}.Release|Any CPU.ActiveCfg = Release|Any CPU
		{D44760EE-AF37-481C-AA1F-86A3E23065AB}.Release|Any CPU.Build.0 = Release|Any CPU
		{38F34998-5FFF-49A1-8777-2F4388D12E0D}.Debug|Any CPU.ActiveCfg = Debug|Any CPU
		{38F34998-5FFF-49A1-8777-2F4388D12E0D}.Debug|Any CPU.Build.0 = Debug|Any CPU
		{38F34998-5FFF-49A1-8777-2F4388D12E0D}.Release|Any CPU.ActiveCfg = Release|Any CPU
		{38F34998-5FFF-49A1-8777-2F4388D12E0D}.Release|Any CPU.Build.0 = Release|Any CPU
		{05B3013B-915F-43B1-8DD5-37F5DEF04271}.Debug|Any CPU.ActiveCfg = Debug|Any CPU
		{05B3013B-915F-43B1-8DD5-37F5DEF04271}.Debug|Any CPU.Build.0 = Debug|Any CPU
		{05B3013B-915F-43B1-8DD5-37F5DEF04271}.Release|Any CPU.ActiveCfg = Release|Any CPU
		{05B3013B-915F-43B1-8DD5-37F5DEF04271}.Release|Any CPU.Build.0 = Release|Any CPU
		{E69E94B8-CB5C-42F7-AD9C-770C189A7E74}.Debug|Any CPU.ActiveCfg = Debug|Any CPU
		{E69E94B8-CB5C-42F7-AD9C-770C189A7E74}.Debug|Any CPU.Build.0 = Debug|Any CPU
		{E69E94B8-CB5C-42F7-AD9C-770C189A7E74}.Release|Any CPU.ActiveCfg = Release|Any CPU
		{E69E94B8-CB5C-42F7-AD9C-770C189A7E74}.Release|Any CPU.Build.0 = Release|Any CPU
		{0A4A7351-AAB9-4937-AF33-9BD90AD8F13C}.Debug|Any CPU.ActiveCfg = Debug|Any CPU
		{0A4A7351-AAB9-4937-AF33-9BD90AD8F13C}.Debug|Any CPU.Build.0 = Debug|Any CPU
		{0A4A7351-AAB9-4937-AF33-9BD90AD8F13C}.Release|Any CPU.ActiveCfg = Release|Any CPU
		{0A4A7351-AAB9-4937-AF33-9BD90AD8F13C}.Release|Any CPU.Build.0 = Release|Any CPU
	EndGlobalSection
	GlobalSection(SolutionProperties) = preSolution
		HideSolutionNode = FALSE
	EndGlobalSection
	GlobalSection(NestedProjects) = preSolution
		{55704848-E010-4EA0-B2F0-DFDB10738569} = {F93D2E00-78DB-432D-852A-FD73D741E5E0}
		{1A05689F-47D6-4DAA-BA95-2F0D00DE2387} = {F93D2E00-78DB-432D-852A-FD73D741E5E0}
		{3B8194DA-DFE8-46A8-A0D3-D467571FDC57} = {84BD3930-C7A0-4773-8928-EA51CC500DDC}
		{1D05ABDD-D50D-4EF1-9436-A6DC3C49FF95} = {55704848-E010-4EA0-B2F0-DFDB10738569}
		{ADB78A17-158D-4D8F-9CCD-F69046C2915E} = {55704848-E010-4EA0-B2F0-DFDB10738569}
		{0E3E4507-5663-4683-92D3-299E9C64C441} = {55704848-E010-4EA0-B2F0-DFDB10738569}
		{96E5BD1A-CC16-424A-8EF1-A19318C88A3E} = {55704848-E010-4EA0-B2F0-DFDB10738569}
		{9F5C489E-C49D-4EEF-9604-176A5C7B30F0} = {3B8194DA-DFE8-46A8-A0D3-D467571FDC57}
		{CD1AD95F-8472-4297-B2F0-D3BAA1406D5B} = {3B8194DA-DFE8-46A8-A0D3-D467571FDC57}
		{D44760EE-AF37-481C-AA1F-86A3E23065AB} = {3B8194DA-DFE8-46A8-A0D3-D467571FDC57}
		{38F34998-5FFF-49A1-8777-2F4388D12E0D} = {1A05689F-47D6-4DAA-BA95-2F0D00DE2387}
		{05B3013B-915F-43B1-8DD5-37F5DEF04271} = {1A05689F-47D6-4DAA-BA95-2F0D00DE2387}
		{E69E94B8-CB5C-42F7-AD9C-770C189A7E74} = {1A05689F-47D6-4DAA-BA95-2F0D00DE2387}
		{0A4A7351-AAB9-4937-AF33-9BD90AD8F13C} = {1A05689F-47D6-4DAA-BA95-2F0D00DE2387}
	EndGlobalSection
	GlobalSection(ExtensibilityGlobals) = postSolution
		SolutionGuid = {2F26B9C4-6053-42B1-9C6C-65B0EF147B46}
	EndGlobalSection
EndGlobal
